
Microsoft Visual Studio Solution File, Format Version 11.00
# Visual Studio 2010
Project("{FAE04EC0-301F-11D3-BF4B-00C04F79EFBC}") = "Assembly-CSharp", "Assembly-CSharp.csproj", "{db4283b2-16d6-168e-e43c-a16bbb40c1fd}"
EndProject
Project("{FAE04EC0-301F-11D3-BF4B-00C04F79EFBC}") = "Assembly-CSharp-Editor", "Assembly-CSharp-Editor.csproj", "{d4b63844-ada1-bad9-89e8-3f54fab7ed8f}"
EndProject
Global
	GlobalSection(SolutionConfigurationPlatforms) = preSolution
		Debug|Any CPU = Debug|Any CPU
	EndGlobalSection
	GlobalSection(ProjectConfigurationPlatforms) = postSolution
		{db4283b2-16d6-168e-e43c-a16bbb40c1fd}.Debug|Any CPU.ActiveCfg = Debug|Any CPU
		{db4283b2-16d6-168e-e43c-a16bbb40c1fd}.Debug|Any CPU.Build.0 = Debug|Any CPU
		{d4b63844-ada1-bad9-89e8-3f54fab7ed8f}.Debug|Any CPU.ActiveCfg = Debug|Any CPU
		{d4b63844-ada1-bad9-89e8-3f54fab7ed8f}.Debug|Any CPU.Build.0 = Debug|Any CPU
	EndGlobalSection
	GlobalSection(SolutionProperties) = preSolution
		HideSolutionNode = FALSE
	EndGlobalSection
EndGlobal
